
Microsoft Visual Studio Solution File, Format Version 12.00
# Visual Studio Version 16
VisualStudioVersion = 16.6.30114.105
MinimumVisualStudioVersion = 10.0.40219.1
Project("{FAE04EC0-301F-11D3-BF4B-00C04F79EFBC}") = "ConsoleApp", "Zad1a\ConsoleApp\ConsoleApp.csproj", "{064C848C-122E-4767-9A6B-B068B10B39F4}"
EndProject
Project("{FAE04EC0-301F-11D3-BF4B-00C04F79EFBC}") = "MessageQueue", "Zad1a\MessageQueue\MessageQueue.csproj", "{5BA33E9D-BC7B-4768-B612-49811E605103}"
EndProject
Project("{FAE04EC0-301F-11D3-BF4B-00C04F79EFBC}") = "Automobil", "Zad1a\Automobil\Automobil.csproj", "{2CEA600F-7784-4D97-BCDA-CBBCE23CBE8A}"
EndProject
Project("{FAE04EC0-301F-11D3-BF4B-00C04F79EFBC}") = "Semafor", "Zad1a\Semafor\Semafor.csproj", "{A27DF6D5-868B-4BFC-B97E-8CE86153A647}"
EndProject
Project("{2150E333-8FDC-42A3-9474-1A3956D46DE8}") = "Zad1b", "Zad1b", "{9C5E8BBB-74B2-4B0C-9263-3CA6EEDFE150}"
EndProject
Project("{FAE04EC0-301F-11D3-BF4B-00C04F79EFBC}") = "Baza", "Zad1b\Baza\Baza.csproj", "{0540D1A3-7E17-468E-B008-42F9CA1258CF}"
EndProject
Project("{FAE04EC0-301F-11D3-BF4B-00C04F79EFBC}") = "Klijent", "Zad1b\Klijent\Klijent.csproj", "{8AC3D5F9-1285-4583-A257-4F1EDEE35EE3}"
EndProject
Project("{FAE04EC0-301F-11D3-BF4B-00C04F79EFBC}") = "Proces", "Zad1b\Proces\Proces.csproj", "{07D11AF8-2706-46E9-9C8E-5AEE138BC84B}"
EndProject
Project("{FAE04EC0-301F-11D3-BF4B-00C04F79EFBC}") = "ConsoleApp", "Zad1b\ConsoleApp\ConsoleApp.csproj", "{F37588DB-455E-4B94-9B39-E380C5508674}"
EndProject
Global
	GlobalSection(SolutionConfigurationPlatforms) = preSolution
		Debug|Any CPU = Debug|Any CPU
		Debug|x64 = Debug|x64
		Debug|x86 = Debug|x86
		Release|Any CPU = Release|Any CPU
		Release|x64 = Release|x64
		Release|x86 = Release|x86
	EndGlobalSection
	GlobalSection(SolutionProperties) = preSolution
		HideSolutionNode = FALSE
	EndGlobalSection
	GlobalSection(ProjectConfigurationPlatforms) = postSolution
		{064C848C-122E-4767-9A6B-B068B10B39F4}.Debug|Any CPU.ActiveCfg = Debug|Any CPU
		{064C848C-122E-4767-9A6B-B068B10B39F4}.Debug|Any CPU.Build.0 = Debug|Any CPU
		{064C848C-122E-4767-9A6B-B068B10B39F4}.Debug|x64.ActiveCfg = Debug|Any CPU
		{064C848C-122E-4767-9A6B-B068B10B39F4}.Debug|x64.Build.0 = Debug|Any CPU
		{064C848C-122E-4767-9A6B-B068B10B39F4}.Debug|x86.ActiveCfg = Debug|Any CPU
		{064C848C-122E-4767-9A6B-B068B10B39F4}.Debug|x86.Build.0 = Debug|Any CPU
		{064C848C-122E-4767-9A6B-B068B10B39F4}.Release|Any CPU.ActiveCfg = Release|Any CPU
		{064C848C-122E-4767-9A6B-B068B10B39F4}.Release|Any CPU.Build.0 = Release|Any CPU
		{064C848C-122E-4767-9A6B-B068B10B39F4}.Release|x64.ActiveCfg = Release|Any CPU
		{064C848C-122E-4767-9A6B-B068B10B39F4}.Release|x64.Build.0 = Release|Any CPU
		{064C848C-122E-4767-9A6B-B068B10B39F4}.Release|x86.ActiveCfg = Release|Any CPU
		{064C848C-122E-4767-9A6B-B068B10B39F4}.Release|x86.Build.0 = Release|Any CPU
		{5BA33E9D-BC7B-4768-B612-49811E605103}.Debug|Any CPU.ActiveCfg = Debug|Any CPU
		{5BA33E9D-BC7B-4768-B612-49811E605103}.Debug|Any CPU.Build.0 = Debug|Any CPU
		{5BA33E9D-BC7B-4768-B612-49811E605103}.Debug|x64.ActiveCfg = Debug|Any CPU
		{5BA33E9D-BC7B-4768-B612-49811E605103}.Debug|x64.Build.0 = Debug|Any CPU
		{5BA33E9D-BC7B-4768-B612-49811E605103}.Debug|x86.ActiveCfg = Debug|Any CPU
		{5BA33E9D-BC7B-4768-B612-49811E605103}.Debug|x86.Build.0 = Debug|Any CPU
		{5BA33E9D-BC7B-4768-B612-49811E605103}.Release|Any CPU.ActiveCfg = Release|Any CPU
		{5BA33E9D-BC7B-4768-B612-49811E605103}.Release|Any CPU.Build.0 = Release|Any CPU
		{5BA33E9D-BC7B-4768-B612-49811E605103}.Release|x64.ActiveCfg = Release|Any CPU
		{5BA33E9D-BC7B-4768-B612-49811E605103}.Release|x64.Build.0 = Release|Any CPU
		{5BA33E9D-BC7B-4768-B612-49811E605103}.Release|x86.ActiveCfg = Release|Any CPU
		{5BA33E9D-BC7B-4768-B612-49811E605103}.Release|x86.Build.0 = Release|Any CPU
		{2CEA600F-7784-4D97-BCDA-CBBCE23CBE8A}.Debug|Any CPU.ActiveCfg = Debug|Any CPU
		{2CEA600F-7784-4D97-BCDA-CBBCE23CBE8A}.Debug|Any CPU.Build.0 = Debug|Any CPU
		{2CEA600F-7784-4D97-BCDA-CBBCE23CBE8A}.Debug|x64.ActiveCfg = Debug|Any CPU
		{2CEA600F-7784-4D97-BCDA-CBBCE23CBE8A}.Debug|x64.Build.0 = Debug|Any CPU
		{2CEA600F-7784-4D97-BCDA-CBBCE23CBE8A}.Debug|x86.ActiveCfg = Debug|Any CPU
		{2CEA600F-7784-4D97-BCDA-CBBCE23CBE8A}.Debug|x86.Build.0 = Debug|Any CPU
		{2CEA600F-7784-4D97-BCDA-CBBCE23CBE8A}.Release|Any CPU.ActiveCfg = Release|Any CPU
		{2CEA600F-7784-4D97-BCDA-CBBCE23CBE8A}.Release|Any CPU.Build.0 = Release|Any CPU
		{2CEA600F-7784-4D97-BCDA-CBBCE23CBE8A}.Release|x64.ActiveCfg = Release|Any CPU
		{2CEA600F-7784-4D97-BCDA-CBBCE23CBE8A}.Release|x64.Build.0 = Release|Any CPU
		{2CEA600F-7784-4D97-BCDA-CBBCE23CBE8A}.Release|x86.ActiveCfg = Release|Any CPU
		{2CEA600F-7784-4D97-BCDA-CBBCE23CBE8A}.Release|x86.Build.0 = Release|Any CPU
		{A27DF6D5-868B-4BFC-B97E-8CE86153A647}.Debug|Any CPU.ActiveCfg = Debug|Any CPU
		{A27DF6D5-868B-4BFC-B97E-8CE86153A647}.Debug|Any CPU.Build.0 = Debug|Any CPU
		{A27DF6D5-868B-4BFC-B97E-8CE86153A647}.Debug|x64.ActiveCfg = Debug|Any CPU
		{A27DF6D5-868B-4BFC-B97E-8CE86153A647}.Debug|x64.Build.0 = Debug|Any CPU
		{A27DF6D5-868B-4BFC-B97E-8CE86153A647}.Debug|x86.ActiveCfg = Debug|Any CPU
		{A27DF6D5-868B-4BFC-B97E-8CE86153A647}.Debug|x86.Build.0 = Debug|Any CPU
		{A27DF6D5-868B-4BFC-B97E-8CE86153A647}.Release|Any CPU.ActiveCfg = Release|Any CPU
		{A27DF6D5-868B-4BFC-B97E-8CE86153A647}.Release|Any CPU.Build.0 = Release|Any CPU
		{A27DF6D5-868B-4BFC-B97E-8CE86153A647}.Release|x64.ActiveCfg = Release|Any CPU
		{A27DF6D5-868B-4BFC-B97E-8CE86153A647}.Release|x64.Build.0 = Release|Any CPU
		{A27DF6D5-868B-4BFC-B97E-8CE86153A647}.Release|x86.ActiveCfg = Release|Any CPU
		{A27DF6D5-868B-4BFC-B97E-8CE86153A647}.Release|x86.Build.0 = Release|Any CPU
		{0540D1A3-7E17-468E-B008-42F9CA1258CF}.Debug|Any CPU.ActiveCfg = Debug|Any CPU
		{0540D1A3-7E17-468E-B008-42F9CA1258CF}.Debug|Any CPU.Build.0 = Debug|Any CPU
		{0540D1A3-7E17-468E-B008-42F9CA1258CF}.Debug|x64.ActiveCfg = Debug|Any CPU
		{0540D1A3-7E17-468E-B008-42F9CA1258CF}.Debug|x64.Build.0 = Debug|Any CPU
		{0540D1A3-7E17-468E-B008-42F9CA1258CF}.Debug|x86.ActiveCfg = Debug|Any CPU
		{0540D1A3-7E17-468E-B008-42F9CA1258CF}.Debug|x86.Build.0 = Debug|Any CPU
		{0540D1A3-7E17-468E-B008-42F9CA1258CF}.Release|Any CPU.ActiveCfg = Release|Any CPU
		{0540D1A3-7E17-468E-B008-42F9CA1258CF}.Release|Any CPU.Build.0 = Release|Any CPU
		{0540D1A3-7E17-468E-B008-42F9CA1258CF}.Release|x64.ActiveCfg = Release|Any CPU
		{0540D1A3-7E17-468E-B008-42F9CA1258CF}.Release|x64.Build.0 = Release|Any CPU
		{0540D1A3-7E17-468E-B008-42F9CA1258CF}.Release|x86.ActiveCfg = Release|Any CPU
		{0540D1A3-7E17-468E-B008-42F9CA1258CF}.Release|x86.Build.0 = Release|Any CPU
		{8AC3D5F9-1285-4583-A257-4F1EDEE35EE3}.Debug|Any CPU.ActiveCfg = Debug|Any CPU
		{8AC3D5F9-1285-4583-A257-4F1EDEE35EE3}.Debug|Any CPU.Build.0 = Debug|Any CPU
		{8AC3D5F9-1285-4583-A257-4F1EDEE35EE3}.Debug|x64.ActiveCfg = Debug|Any CPU
		{8AC3D5F9-1285-4583-A257-4F1EDEE35EE3}.Debug|x64.Build.0 = Debug|Any CPU
		{8AC3D5F9-1285-4583-A257-4F1EDEE35EE3}.Debug|x86.ActiveCfg = Debug|Any CPU
		{8AC3D5F9-1285-4583-A257-4F1EDEE35EE3}.Debug|x86.Build.0 = Debug|Any CPU
		{8AC3D5F9-1285-4583-A257-4F1EDEE35EE3}.Release|Any CPU.ActiveCfg = Release|Any CPU
		{8AC3D5F9-1285-4583-A257-4F1EDEE35EE3}.Release|Any CPU.Build.0 = Release|Any CPU
		{8AC3D5F9-1285-4583-A257-4F1EDEE35EE3}.Release|x64.ActiveCfg = Release|Any CPU
		{8AC3D5F9-1285-4583-A257-4F1EDEE35EE3}.Release|x64.Build.0 = Release|Any CPU
		{8AC3D5F9-1285-4583-A257-4F1EDEE35EE3}.Release|x86.ActiveCfg = Release|Any CPU
		{8AC3D5F9-1285-4583-A257-4F1EDEE35EE3}.Release|x86.Build.0 = Release|Any CPU
		{07D11AF8-2706-46E9-9C8E-5AEE138BC84B}.Debug|Any CPU.ActiveCfg = Debug|Any CPU
		{07D11AF8-2706-46E9-9C8E-5AEE138BC84B}.Debug|Any CPU.Build.0 = Debug|Any CPU
		{07D11AF8-2706-46E9-9C8E-5AEE138BC84B}.Debug|x64.ActiveCfg = Debug|Any CPU
		{07D11AF8-2706-46E9-9C8E-5AEE138BC84B}.Debug|x64.Build.0 = Debug|Any CPU
		{07D11AF8-2706-46E9-9C8E-5AEE138BC84B}.Debug|x86.ActiveCfg = Debug|Any CPU
		{07D11AF8-2706-46E9-9C8E-5AEE138BC84B}.Debug|x86.Build.0 = Debug|Any CPU
		{07D11AF8-2706-46E9-9C8E-5AEE138BC84B}.Release|Any CPU.ActiveCfg = Release|Any CPU
		{07D11AF8-2706-46E9-9C8E-5AEE138BC84B}.Release|Any CPU.Build.0 = Release|Any CPU
		{07D11AF8-2706-46E9-9C8E-5AEE138BC84B}.Release|x64.ActiveCfg = Release|Any CPU
		{07D11AF8-2706-46E9-9C8E-5AEE138BC84B}.Release|x64.Build.0 = Release|Any CPU
		{07D11AF8-2706-46E9-9C8E-5AEE138BC84B}.Release|x86.ActiveCfg = Release|Any CPU
		{07D11AF8-2706-46E9-9C8E-5AEE138BC84B}.Release|x86.Build.0 = Release|Any CPU
		{F37588DB-455E-4B94-9B39-E380C5508674}.Debug|Any CPU.ActiveCfg = Debug|Any CPU
		{F37588DB-455E-4B94-9B39-E380C5508674}.Debug|Any CPU.Build.0 = Debug|Any CPU
		{F37588DB-455E-4B94-9B39-E380C5508674}.Debug|x64.ActiveCfg = Debug|Any CPU
		{F37588DB-455E-4B94-9B39-E380C5508674}.Debug|x64.Build.0 = Debug|Any CPU
		{F37588DB-455E-4B94-9B39-E380C5508674}.Debug|x86.ActiveCfg = Debug|Any CPU
		{F37588DB-455E-4B94-9B39-E380C5508674}.Debug|x86.Build.0 = Debug|Any CPU
		{F37588DB-455E-4B94-9B39-E380C5508674}.Release|Any CPU.ActiveCfg = Release|Any CPU
		{F37588DB-455E-4B94-9B39-E380C5508674}.Release|Any CPU.Build.0 = Release|Any CPU
		{F37588DB-455E-4B94-9B39-E380C5508674}.Release|x64.ActiveCfg = Release|Any CPU
		{F37588DB-455E-4B94-9B39-E380C5508674}.Release|x64.Build.0 = Release|Any CPU
		{F37588DB-455E-4B94-9B39-E380C5508674}.Release|x86.ActiveCfg = Release|Any CPU
		{F37588DB-455E-4B94-9B39-E380C5508674}.Release|x86.Build.0 = Release|Any CPU
	EndGlobalSection
	GlobalSection(NestedProjects) = preSolution
		{0540D1A3-7E17-468E-B008-42F9CA1258CF} = {9C5E8BBB-74B2-4B0C-9263-3CA6EEDFE150}
		{8AC3D5F9-1285-4583-A257-4F1EDEE35EE3} = {9C5E8BBB-74B2-4B0C-9263-3CA6EEDFE150}
		{07D11AF8-2706-46E9-9C8E-5AEE138BC84B} = {9C5E8BBB-74B2-4B0C-9263-3CA6EEDFE150}
		{F37588DB-455E-4B94-9B39-E380C5508674} = {9C5E8BBB-74B2-4B0C-9263-3CA6EEDFE150}
	EndGlobalSection
EndGlobal
